<?xml version="1.0" encoding="utf-8"?>
<Project ToolsVersion="4.0" xmlns="http://schemas.microsoft.com/developer/msbuild/2003">
  <ItemGroup>
    <Filter Include="Source Files">
      <UniqueIdentifier>{4FC737F1-C7A5-4376-A066-2A32D752A2FF}</UniqueIdentifier>
      <Extensions>cpp;cxx;c;def</Extensions>
    </Filter>
    <Filter Include="Header Files">
      <UniqueIdentifier>{93995380-89BD-4b04-88EB-625FBE52EBFB}</UniqueIdentifier>
      <Extensions>h</Extensions>
    </Filter>
    <Filter Include="Form Files">
      <UniqueIdentifier>{99349809-55BA-4b9d-BF79-8FDBB0286EB3}</UniqueIdentifier>
      <Extensions>ui</Extensions>
    </Filter>
    <Filter Include="Resource Files">
      <UniqueIdentifier>{D9D6E242-F8AF-46E4-B9FD-80ECBC20BA3E}</UniqueIdentifier>
      <Extensions>qrc;*</Extensions>
      <ParseFiles>false</ParseFiles>
    </Filter>
    <Filter Include="Generated Files">
      <UniqueIdentifier>{71ED8ED8-ACB9-4CE9-BBE1-E00B30144E11}</UniqueIdentifier>
      <Extensions>moc;h;cpp</Extensions>
      <SourceControlFiles>False</SourceControlFiles>
    </Filter>
    <Filter Include="Generated Files\Debug">
      <UniqueIdentifier>{0309c663-eaa9-4c8a-969b-f121cc04c6b0}</UniqueIdentifier>
      <Extensions>cpp;moc</Extensions>
      <SourceControlFiles>False</SourceControlFiles>
    </Filter>
    <Filter Include="Generated Files\Release">
      <UniqueIdentifier>{517ffcef-0a36-4a16-a378-0308105fc5c4}</UniqueIdentifier>
      <Extensions>cpp;moc</Extensions>
      <SourceControlFiles>False</SourceControlFiles>
    </Filter>
    <Filter Include="Translation Files">
      <UniqueIdentifier>{639EADAA-A684-42e4-A9AD-28FC9BCB8F7C}</UniqueIdentifier>
      <Extensions>ts</Extensions>
      <ParseFiles>false</ParseFiles>
    </Filter>
  </ItemGroup>
  <ItemGroup>
    <ClCompile Include="main.cpp">
      <Filter>Source Files</Filter>
    </ClCompile>
    <ClCompile Include="FCS.cpp">
      <Filter>Source Files</Filter>
    </ClCompile>
    <ClCompile Include="GeneratedFiles\Debug\moc_FCS.cpp">
      <Filter>Generated Files\Debug</Filter>
    </ClCompile>
    <ClCompile Include="GeneratedFiles\Release\moc_FCS.cpp">
      <Filter>Generated Files\Release</Filter>
    </ClCompile>
    <ClCompile Include="GeneratedFiles\qrc_FCS.cpp">
      <Filter>Generated Files</Filter>
    </ClCompile>
    <ClCompile Include="USB\USBControl.cpp">
      <Filter>Source Files</Filter>
    </ClCompile>
    <ClCompile Include="GeneratedFiles\Debug\moc_USBControl.cpp">
      <Filter>Generated Files\Debug</Filter>
    </ClCompile>
    <ClCompile Include="GeneratedFiles\Release\moc_USBControl.cpp">
      <Filter>Generated Files\Release</Filter>
    </ClCompile>
    <ClCompile Include="GeneratedFiles\Debug\moc_VoCmd.cpp">
      <Filter>Generated Files\Debug</Filter>
    </ClCompile>
    <ClCompile Include="GeneratedFiles\Release\moc_VoCmd.cpp">
      <Filter>Generated Files\Release</Filter>
    </ClCompile>
    <ClCompile Include="Vo\VoCmd.cpp">
      <Filter>Source Files</Filter>
    </ClCompile>
    <ClCompile Include="Vo\VoFluid.cpp">
      <Filter>Source Files</Filter>
    </ClCompile>
    <ClCompile Include="GeneratedFiles\Debug\moc_VoFluid.cpp">
      <Filter>Generated Files\Debug</Filter>
    </ClCompile>
    <ClCompile Include="GeneratedFiles\Release\moc_VoFluid.cpp">
      <Filter>Generated Files\Release</Filter>
    </ClCompile>
    <ClCompile Include="Vo\VoLaser.cpp">
      <Filter>Source Files</Filter>
    </ClCompile>
    <ClCompile Include="GeneratedFiles\Debug\moc_VoLaser.cpp">
      <Filter>Generated Files\Debug</Filter>
    </ClCompile>
    <ClCompile Include="GeneratedFiles\Release\moc_VoLaser.cpp">
      <Filter>Generated Files\Release</Filter>
    </ClCompile>
    <ClCompile Include="GeneratedFiles\Debug\moc_VoSample.cpp">
      <Filter>Generated Files\Debug</Filter>
    </ClCompile>
    <ClCompile Include="GeneratedFiles\Release\moc_VoSample.cpp">
      <Filter>Generated Files\Release</Filter>
    </ClCompile>
    <ClCompile Include="Vo\VoSample.cpp">
      <Filter>Source Files</Filter>
    </ClCompile>
    <ClCompile Include="Vo\VoChannelBias.cpp">
      <Filter>Source Files</Filter>
    </ClCompile>
    <ClCompile Include="GeneratedFiles\Debug\moc_VoChannelBias.cpp">
      <Filter>Generated Files\Debug</Filter>
    </ClCompile>
    <ClCompile Include="GeneratedFiles\Release\moc_VoChannelBias.cpp">
      <Filter>Generated Files\Release</Filter>
    </ClCompile>
    <ClCompile Include="GeneratedFiles\Debug\moc_VoTrigger.cpp">
      <Filter>Generated Files\Debug</Filter>
    </ClCompile>
    <ClCompile Include="GeneratedFiles\Release\moc_VoTrigger.cpp">
      <Filter>Generated Files\Release</Filter>
    </ClCompile>
    <ClCompile Include="Vo\VoTrigger.cpp">
      <Filter>Source Files</Filter>
    </ClCompile>
    <ClCompile Include="USB\USBThread.cpp">
      <Filter>Source Files</Filter>
    </ClCompile>
    <ClCompile Include="Include\Global.cpp">
      <Filter>Source Files</Filter>
    </ClCompile>
    <ClCompile Include="GeneratedFiles\Debug\moc_Global.cpp">
      <Filter>Generated Files\Debug</Filter>
    </ClCompile>
    <ClCompile Include="GeneratedFiles\Release\moc_Global.cpp">
      <Filter>Generated Files\Release</Filter>
    </ClCompile>
    <ClCompile Include="GeneratedFiles\Debug\moc_DropShadowWidget.cpp">
      <Filter>Generated Files\Debug</Filter>
    </ClCompile>
    <ClCompile Include="GeneratedFiles\Release\moc_DropShadowWidget.cpp">
      <Filter>Generated Files\Release</Filter>
    </ClCompile>
    <ClCompile Include="Ui\Library\DropShadowWidget.cpp">
      <Filter>Source Files</Filter>
    </ClCompile>
    <ClCompile Include="GeneratedFiles\Debug\moc_TitleWidget.cpp">
      <Filter>Generated Files\Debug</Filter>
    </ClCompile>
    <ClCompile Include="GeneratedFiles\Release\moc_TitleWidget.cpp">
      <Filter>Generated Files\Release</Filter>
    </ClCompile>
    <ClCompile Include="GeneratedFiles\Debug\moc_PushButton.cpp">
      <Filter>Generated Files\Debug</Filter>
    </ClCompile>
    <ClCompile Include="GeneratedFiles\Release\moc_PushButton.cpp">
      <Filter>Generated Files\Release</Filter>
    </ClCompile>
    <ClCompile Include="Ui\Library\MainMenu.cpp">
      <Filter>Source Files</Filter>
    </ClCompile>
    <ClCompile Include="GeneratedFiles\Debug\moc_MainMenu.cpp">
      <Filter>Generated Files\Debug</Filter>
    </ClCompile>
    <ClCompile Include="GeneratedFiles\Release\moc_MainMenu.cpp">
      <Filter>Generated Files\Release</Filter>
    </ClCompile>
    <ClCompile Include="Ui\Library\PushButton.cpp">
      <Filter>Source Files</Filter>
    </ClCompile>
    <ClCompile Include="Ui\Library\ToolButton.cpp">
      <Filter>Source Files</Filter>
    </ClCompile>
    <ClCompile Include="Ui\Library\TitleWidget.cpp">
      <Filter>Source Files</Filter>
    </ClCompile>
    <ClCompile Include="Ui\Library\MTitleWidget.cpp">
      <Filter>Source Files</Filter>
    </ClCompile>
    <ClCompile Include="GeneratedFiles\Debug\moc_MTitleWidget.cpp">
      <Filter>Generated Files\Debug</Filter>
    </ClCompile>
    <ClCompile Include="GeneratedFiles\Release\moc_MTitleWidget.cpp">
      <Filter>Generated Files\Release</Filter>
    </ClCompile>
    <ClCompile Include="Ui\MainWindow\MainForm.cpp">
      <Filter>Source Files</Filter>
    </ClCompile>
    <ClCompile Include="GeneratedFiles\Debug\moc_MainForm.cpp">
      <Filter>Generated Files\Debug</Filter>
    </ClCompile>
    <ClCompile Include="GeneratedFiles\Release\moc_MainForm.cpp">
      <Filter>Generated Files\Release</Filter>
    </ClCompile>
    <ClCompile Include="GeneratedFiles\Debug\moc_MenuWidget.cpp">
      <Filter>Generated Files\Debug</Filter>
    </ClCompile>
    <ClCompile Include="GeneratedFiles\Release\moc_MenuWidget.cpp">
      <Filter>Generated Files\Release</Filter>
    </ClCompile>
    <ClCompile Include="Ui\Library\MenuWidget.cpp">
      <Filter>Source Files</Filter>
    </ClCompile>
    <ClCompile Include="testwidget.cpp">
      <Filter>Source Files</Filter>
    </ClCompile>
    <ClCompile Include="GeneratedFiles\Debug\moc_testwidget.cpp">
      <Filter>Generated Files\Debug</Filter>
    </ClCompile>
    <ClCompile Include="GeneratedFiles\Release\moc_testwidget.cpp">
      <Filter>Generated Files\Release</Filter>
    </ClCompile>
    <ClCompile Include="GeneratedFiles\Debug\moc_ToolWidget.cpp">
      <Filter>Generated Files\Debug</Filter>
    </ClCompile>
    <ClCompile Include="GeneratedFiles\Release\moc_ToolWidget.cpp">
      <Filter>Generated Files\Release</Filter>
    </ClCompile>
    <ClCompile Include="Ui\Library\ToolWidget.cpp">
      <Filter>Source Files</Filter>
    </ClCompile>
    <ClCompile Include="GeneratedFiles\Debug\moc_StackedWidget.cpp">
      <Filter>Generated Files\Debug</Filter>
    </ClCompile>
    <ClCompile Include="GeneratedFiles\Release\moc_StackedWidget.cpp">
      <Filter>Generated Files\Release</Filter>
    </ClCompile>
    <ClCompile Include="Ui\Library\StackedWidget.cpp">
      <Filter>Source Files</Filter>
    </ClCompile>
    <ClCompile Include="GeneratedFiles\Debug\moc_OscWidget.cpp">
      <Filter>Generated Files\Debug</Filter>
    </ClCompile>
    <ClCompile Include="GeneratedFiles\Release\moc_OscWidget.cpp">
      <Filter>Generated Files\Release</Filter>
    </ClCompile>
    <ClCompile Include="Ui\Library\OscWidget.cpp">
      <Filter>Source Files</Filter>
    </ClCompile>
    <ClCompile Include="Bll\DataCenter\CCycleBuffer.cpp">
      <Filter>Source Files</Filter>
    </ClCompile>
    <ClCompile Include="GeneratedFiles\Debug\moc_BllDataCenter.cpp">
      <Filter>Generated Files\Debug</Filter>
    </ClCompile>
    <ClCompile Include="GeneratedFiles\Release\moc_BllDataCenter.cpp">
      <Filter>Generated Files\Release</Filter>
    </ClCompile>
    <ClCompile Include="Bll\DataCenter\BllDataCenter.cpp">
      <Filter>Source Files</Filter>
    </ClCompile>
    <ClCompile Include="GeneratedFiles\Debug\moc_BllControl.cpp">
      <Filter>Generated Files\Debug</Filter>
    </ClCompile>
    <ClCompile Include="GeneratedFiles\Release\moc_BllControl.cpp">
      <Filter>Generated Files\Release</Filter>
    </ClCompile>
    <ClCompile Include="Bll\Control\BllControl.cpp">
      <Filter>Source Files</Filter>
    </ClCompile>
    <ClCompile Include="GeneratedFiles\Debug\moc_WheelBox.cpp">
      <Filter>Generated Files\Debug</Filter>
    </ClCompile>
    <ClCompile Include="GeneratedFiles\Release\moc_WheelBox.cpp">
      <Filter>Generated Files\Release</Filter>
    </ClCompile>
    <ClCompile Include="Ui\Library\WheelBox.cpp">
      <Filter>Source Files</Filter>
    </ClCompile>
    <ClCompile Include="GeneratedFiles\Debug\moc_PropertyWidget.cpp">
      <Filter>Generated Files\Debug</Filter>
    </ClCompile>
    <ClCompile Include="GeneratedFiles\Release\moc_PropertyWidget.cpp">
      <Filter>Generated Files\Release</Filter>
    </ClCompile>
    <ClCompile Include="Ui\Library\PropertyWidget.cpp">
      <Filter>Source Files</Filter>
    </ClCompile>
    <ClCompile Include="GeneratedFiles\Debug\moc_MToolButton.cpp">
      <Filter>Generated Files\Debug</Filter>
    </ClCompile>
    <ClCompile Include="GeneratedFiles\Release\moc_MToolButton.cpp">
      <Filter>Generated Files\Release</Filter>
    </ClCompile>
    <ClCompile Include="Ui\Library\MToolButton.cpp">
      <Filter>Source Files</Filter>
    </ClCompile>
    <ClCompile Include="GeneratedFiles\Debug\moc_USBDriver.cpp">
      <Filter>Generated Files\Debug</Filter>
    </ClCompile>
    <ClCompile Include="GeneratedFiles\Release\moc_USBDriver.cpp">
      <Filter>Generated Files\Release</Filter>
    </ClCompile>
    <ClCompile Include="USB\USBDriver.cpp">
      <Filter>Source Files</Filter>
    </ClCompile>
    <ClCompile Include="GeneratedFiles\Debug\moc_AnalysisWidget.cpp">
      <Filter>Generated Files\Debug</Filter>
    </ClCompile>
    <ClCompile Include="GeneratedFiles\Release\moc_AnalysisWidget.cpp">
      <Filter>Generated Files\Release</Filter>
    </ClCompile>
    <ClCompile Include="Ui\Library\AnalysisWidget.cpp">
      <Filter>Source Files</Filter>
    </ClCompile>
    <ClCompile Include="GeneratedFiles\Debug\moc_ReportWidget.cpp">
      <Filter>Generated Files\Debug</Filter>
    </ClCompile>
    <ClCompile Include="GeneratedFiles\Release\moc_ReportWidget.cpp">
      <Filter>Generated Files\Release</Filter>
    </ClCompile>
    <ClCompile Include="Ui\Library\ReportWidget.cpp">
      <Filter>Source Files</Filter>
    </ClCompile>
    <ClCompile Include="GeneratedFiles\Debug\moc_ViewWidget.cpp">
      <Filter>Generated Files\Debug</Filter>
    </ClCompile>
    <ClCompile Include="GeneratedFiles\Release\moc_ViewWidget.cpp">
      <Filter>Generated Files\Release</Filter>
    </ClCompile>
    <ClCompile Include="Ui\Library\ViewWidget.cpp">
      <Filter>Source Files</Filter>
    </ClCompile>
    <ClCompile Include="GeneratedFiles\Debug\moc_Plot.cpp">
      <Filter>Generated Files\Debug</Filter>
    </ClCompile>
    <ClCompile Include="GeneratedFiles\Release\moc_Plot.cpp">
      <Filter>Generated Files\Release</Filter>
    </ClCompile>
    <ClCompile Include="Ui\Library\Plot.cpp">
      <Filter>Source Files</Filter>
    </ClCompile>
    <ClCompile Include="GeneratedFiles\Debug\moc_PlotWidget.cpp">
      <Filter>Generated Files\Debug</Filter>
    </ClCompile>
    <ClCompile Include="GeneratedFiles\Release\moc_PlotWidget.cpp">
      <Filter>Generated Files\Release</Filter>
    </ClCompile>
    <ClCompile Include="Ui\Library\PlotWidget.cpp">
      <Filter>Source Files</Filter>
    </ClCompile>
    <ClCompile Include="GeneratedFiles\Debug\moc_ICellStaticData.cpp">
      <Filter>Generated Files\Debug</Filter>
    </ClCompile>
    <ClCompile Include="GeneratedFiles\Release\moc_ICellStaticData.cpp">
      <Filter>Generated Files\Release</Filter>
    </ClCompile>
    <ClCompile Include="Include\ICellStaticData.cpp">
      <Filter>Source Files</Filter>
    </ClCompile>
    <ClCompile Include="Ui\Library\BarChartWidget.cpp">
      <Filter>Source Files</Filter>
    </ClCompile>
    <ClCompile Include="GeneratedFiles\Debug\moc_BarChartWidget.cpp">
      <Filter>Generated Files\Debug</Filter>
    </ClCompile>
    <ClCompile Include="GeneratedFiles\Release\moc_BarChartWidget.cpp">
      <Filter>Generated Files\Release</Filter>
    </ClCompile>
    <ClCompile Include="GeneratedFiles\Debug\moc_OscDataCenter.cpp">
      <Filter>Generated Files\Debug</Filter>
    </ClCompile>
    <ClCompile Include="GeneratedFiles\Release\moc_OscDataCenter.cpp">
      <Filter>Generated Files\Release</Filter>
    </ClCompile>
    <ClCompile Include="Include\OscDataCenter.cpp">
      <Filter>Source Files</Filter>
    </ClCompile>
    <ClCompile Include="GeneratedFiles\Debug\moc_ReadCellThread.cpp">
      <Filter>Generated Files\Debug</Filter>
    </ClCompile>
    <ClCompile Include="GeneratedFiles\Release\moc_ReadCellThread.cpp">
      <Filter>Generated Files\Release</Filter>
    </ClCompile>
    <ClCompile Include="Bll\DataCenter\ReadCellThread.cpp">
      <Filter>Source Files</Filter>
    </ClCompile>
    <ClCompile Include="Ui\Library\BarStruct.cpp">
      <Filter>Source Files</Filter>
    </ClCompile>
    <ClCompile Include="Bll\DataCenter\ReadOscThread.cpp">
      <Filter>Source Files</Filter>
    </ClCompile>
    <ClCompile Include="GeneratedFiles\Debug\moc_ReadOscThread.cpp">
      <Filter>Generated Files\Debug</Filter>
    </ClCompile>
    <ClCompile Include="GeneratedFiles\Release\moc_ReadOscThread.cpp">
      <Filter>Generated Files\Release</Filter>
    </ClCompile>
    <ClCompile Include="Ui\Library\BarChart.cpp">
      <Filter>Source Files</Filter>
    </ClCompile>
    <ClCompile Include="GeneratedFiles\Debug\moc_BarChart.cpp">
      <Filter>Generated Files\Debug</Filter>
    </ClCompile>
    <ClCompile Include="GeneratedFiles\Release\moc_BarChart.cpp">
      <Filter>Generated Files\Release</Filter>
    </ClCompile>
    <ClCompile Include="Ui\Library\StaticsThread.cpp">
      <Filter>Source Files</Filter>
    </ClCompile>
    <ClCompile Include="GeneratedFiles\Debug\moc_StaticsThread.cpp">
      <Filter>Generated Files\Debug</Filter>
    </ClCompile>
    <ClCompile Include="GeneratedFiles\Release\moc_StaticsThread.cpp">
      <Filter>Generated Files\Release</Filter>
    </ClCompile>
    <ClCompile Include="GeneratedFiles\Debug\moc_PlotStaticsThread.cpp">
      <Filter>Generated Files\Debug</Filter>
    </ClCompile>
    <ClCompile Include="GeneratedFiles\Release\moc_PlotStaticsThread.cpp">
      <Filter>Generated Files\Release</Filter>
    </ClCompile>
    <ClCompile Include="Ui\Library\PlotStaticsThread.cpp">
      <Filter>Source Files</Filter>
    </ClCompile>
    <ClCompile Include="GeneratedFiles\Debug\moc_ReportTree.cpp">
      <Filter>Generated Files\Debug</Filter>
    </ClCompile>
    <ClCompile Include="GeneratedFiles\Release\moc_ReportTree.cpp">
      <Filter>Generated Files\Release</Filter>
    </ClCompile>
    <ClCompile Include="Ui\Report\ReportTree.cpp">
      <Filter>Source Files</Filter>
    </ClCompile>
    <ClCompile Include="GeneratedFiles\Debug\moc_GateStorage.cpp">
      <Filter>Generated Files\Debug</Filter>
    </ClCompile>
    <ClCompile Include="GeneratedFiles\Release\moc_GateStorage.cpp">
      <Filter>Generated Files\Release</Filter>
    </ClCompile>
    <ClCompile Include="Ui\Library\GateStorage.cpp">
      <Filter>Source Files</Filter>
    </ClCompile>
    <ClCompile Include="GeneratedFiles\Debug\moc_RectPicker.cpp">
      <Filter>Generated Files\Debug</Filter>
    </ClCompile>
    <ClCompile Include="GeneratedFiles\Release\moc_RectPicker.cpp">
      <Filter>Generated Files\Release</Filter>
    </ClCompile>
    <ClCompile Include="Ui\QwtCustom\RectPicker.cpp">
      <Filter>Source Files</Filter>
    </ClCompile>
    <ClCompile Include="GeneratedFiles\Debug\moc_CrossPicker.cpp">
      <Filter>Generated Files\Debug</Filter>
    </ClCompile>
    <ClCompile Include="GeneratedFiles\Release\moc_CrossPicker.cpp">
      <Filter>Generated Files\Release</Filter>
    </ClCompile>
    <ClCompile Include="Ui\QwtCustom\CrossPicker.cpp">
      <Filter>Source Files</Filter>
    </ClCompile>
    <ClCompile Include="GeneratedFiles\Debug\moc_ParallelLinePicker.cpp">
      <Filter>Generated Files\Debug</Filter>
    </ClCompile>
    <ClCompile Include="GeneratedFiles\Release\moc_ParallelLinePicker.cpp">
      <Filter>Generated Files\Release</Filter>
    </ClCompile>
    <ClCompile Include="Ui\QwtCustom\ParallelLinePicker.cpp">
      <Filter>Source Files</Filter>
    </ClCompile>
    <ClCompile Include="Ui\Library\ParamWidget.cpp">
      <Filter>Source Files</Filter>
    </ClCompile>
    <ClCompile Include="GeneratedFiles\Debug\moc_ParamWidget.cpp">
      <Filter>Generated Files\Debug</Filter>
    </ClCompile>
    <ClCompile Include="GeneratedFiles\Release\moc_ParamWidget.cpp">
      <Filter>Generated Files\Release</Filter>
    </ClCompile>
    <ClCompile Include="GeneratedFiles\Debug\moc_EllipsePicker.cpp">
      <Filter>Generated Files\Debug</Filter>
    </ClCompile>
    <ClCompile Include="GeneratedFiles\Release\moc_EllipsePicker.cpp">
      <Filter>Generated Files\Release</Filter>
    </ClCompile>
    <ClCompile Include="Ui\QwtCustom\EllipsePicker.cpp">
      <Filter>Source Files</Filter>
    </ClCompile>
    <ClCompile Include="GeneratedFiles\Debug\moc_PolygonPicker.cpp">
      <Filter>Generated Files\Debug</Filter>
    </ClCompile>
    <ClCompile Include="GeneratedFiles\Release\moc_PolygonPicker.cpp">
      <Filter>Generated Files\Release</Filter>
    </ClCompile>
    <ClCompile Include="Ui\QwtCustom\PolygonPicker.cpp">
      <Filter>Source Files</Filter>
    </ClCompile>
    <ClCompile Include="GeneratedFiles\Debug\moc_BllSettings.cpp">
      <Filter>Generated Files\Debug</Filter>
    </ClCompile>
    <ClCompile Include="GeneratedFiles\Release\moc_BllSettings.cpp">
      <Filter>Generated Files\Release</Filter>
    </ClCompile>
    <ClCompile Include="Bll\DataCenter\BllSettings.cpp">
      <Filter>Source Files</Filter>
    </ClCompile>
  </ItemGroup>
  <ItemGroup>
    <CustomBuild Include="FCS.h">
      <Filter>Header Files</Filter>
    </CustomBuild>
    <CustomBuild Include="FCS.ui">
      <Filter>Form Files</Filter>
    </CustomBuild>
    <CustomBuild Include="FCS.qrc">
      <Filter>Resource Files</Filter>
    </CustomBuild>
    <CustomBuild Include="USB\USBControl.h">
      <Filter>Header Files</Filter>
    </CustomBuild>
    <CustomBuild Include="Vo\VoCmd.h">
      <Filter>Header Files</Filter>
    </CustomBuild>
    <CustomBuild Include="Vo\VoFluid.h">
      <Filter>Header Files</Filter>
    </CustomBuild>
    <CustomBuild Include="Vo\VoLaser.h">
      <Filter>Header Files</Filter>
    </CustomBuild>
    <CustomBuild Include="Vo\VoSample.h">
      <Filter>Header Files</Filter>
    </CustomBuild>
    <CustomBuild Include="Vo\VoChannelBias.h">
      <Filter>Header Files</Filter>
    </CustomBuild>
    <CustomBuild Include="Vo\VoTrigger.h">
      <Filter>Header Files</Filter>
    </CustomBuild>
    <CustomBuild Include="Include\Global.h">
      <Filter>Header Files</Filter>
    </CustomBuild>
    <CustomBuild Include="Ui\Library\DropShadowWidget.h">
      <Filter>Header Files</Filter>
    </CustomBuild>
    <CustomBuild Include="Ui\Library\TitleWidget.h">
      <Filter>Header Files</Filter>
    </CustomBuild>
    <CustomBuild Include="Ui\Library\PushButton.h">
      <Filter>Header Files</Filter>
    </CustomBuild>
    <CustomBuild Include="Ui\Library\MainMenu.h">
      <Filter>Header Files</Filter>
    </CustomBuild>
    <CustomBuild Include="Ui\Library\MTitleWidget.ui">
      <Filter>Form Files</Filter>
    </CustomBuild>
    <CustomBuild Include="Ui\Library\MTitleWidget.h">
      <Filter>Header Files</Filter>
    </CustomBuild>
    <CustomBuild Include="Ui\MainWindow\MainForm.ui">
      <Filter>Form Files</Filter>
    </CustomBuild>
    <CustomBuild Include="Ui\MainWindow\MainForm.h">
      <Filter>Header Files</Filter>
    </CustomBuild>
    <CustomBuild Include="Ui\Library\MenuWidget.h">
      <Filter>Header Files</Filter>
    </CustomBuild>
    <CustomBuild Include="Ui\Library\MenuWidget.ui">
      <Filter>Form Files</Filter>
    </CustomBuild>
    <CustomBuild Include="testwidget.h">
      <Filter>Header Files</Filter>
    </CustomBuild>
    <CustomBuild Include="testwidget.ui">
      <Filter>Form Files</Filter>
    </CustomBuild>
    <CustomBuild Include="Ui\Library\ToolWidget.h">
      <Filter>Header Files</Filter>
    </CustomBuild>
    <CustomBuild Include="Ui\Library\ToolWidget.ui">
      <Filter>Form Files</Filter>
    </CustomBuild>
    <CustomBuild Include="Ui\Library\StackedWidget.ui">
      <Filter>Form Files</Filter>
    </CustomBuild>
    <CustomBuild Include="Ui\Library\StackedWidget.h">
      <Filter>Header Files</Filter>
    </CustomBuild>
    <CustomBuild Include="Ui\Library\OscWidget.ui">
      <Filter>Form Files</Filter>
    </CustomBuild>
    <CustomBuild Include="Ui\Library\OscWidget.h">
      <Filter>Header Files</Filter>
    </CustomBuild>
    <CustomBuild Include="Bll\DataCenter\BllDataCenter.h">
      <Filter>Header Files</Filter>
    </CustomBuild>
    <CustomBuild Include="Bll\Control\BllControl.h">
      <Filter>Header Files</Filter>
    </CustomBuild>
    <CustomBuild Include="Ui\Library\WheelBox.h">
      <Filter>Header Files</Filter>
    </CustomBuild>
    <CustomBuild Include="Ui\Library\WheelBox.ui">
      <Filter>Form Files</Filter>
    </CustomBuild>
    <CustomBuild Include="Ui\Library\PropertyWidget.h">
      <Filter>Header Files</Filter>
    </CustomBuild>
    <CustomBuild Include="Ui\Library\PropertyWidget.ui">
      <Filter>Form Files</Filter>
    </CustomBuild>
    <CustomBuild Include="Ui\Library\MToolButton.ui">
      <Filter>Form Files</Filter>
    </CustomBuild>
    <CustomBuild Include="Ui\Library\MToolButton.h">
      <Filter>Header Files</Filter>
    </CustomBuild>
    <CustomBuild Include="USB\USBDriver.h">
      <Filter>Header Files</Filter>
    </CustomBuild>
    <CustomBuild Include="Ui\Library\AnalysisWidget.ui">
      <Filter>Form Files</Filter>
    </CustomBuild>
    <CustomBuild Include="Ui\Library\AnalysisWidget.h">
      <Filter>Header Files</Filter>
    </CustomBuild>
    <CustomBuild Include="Ui\Library\ReportWidget.h">
      <Filter>Header Files</Filter>
    </CustomBuild>
    <CustomBuild Include="Ui\Library\ReportWidget.ui">
      <Filter>Form Files</Filter>
    </CustomBuild>
    <CustomBuild Include="Ui\Library\ViewWidget.ui">
      <Filter>Form Files</Filter>
    </CustomBuild>
    <CustomBuild Include="Ui\Library\ViewWidget.h">
      <Filter>Header Files</Filter>
    </CustomBuild>
    <CustomBuild Include="Ui\Library\Plot.h">
      <Filter>Header Files</Filter>
    </CustomBuild>
    <CustomBuild Include="Ui\Library\PlotWidget.ui">
      <Filter>Form Files</Filter>
    </CustomBuild>
    <CustomBuild Include="Ui\Library\PlotWidget.h">
      <Filter>Header Files</Filter>
    </CustomBuild>
    <CustomBuild Include="Include\ICellStaticData.h">
      <Filter>Header Files</Filter>
    </CustomBuild>
    <CustomBuild Include="Ui\Library\BarChartWidget.h">
      <Filter>Header Files</Filter>
    </CustomBuild>
    <CustomBuild Include="Ui\Library\BarChartWidget.ui">
      <Filter>Form Files</Filter>
    </CustomBuild>
    <CustomBuild Include="Include\OscDataCenter.h">
      <Filter>Header Files</Filter>
    </CustomBuild>
    <CustomBuild Include="Bll\DataCenter\ReadCellThread.h">
      <Filter>Header Files</Filter>
    </CustomBuild>
    <CustomBuild Include="Ui\Library\BarStruct.h">
      <Filter>Header Files</Filter>
    </CustomBuild>
    <CustomBuild Include="Bll\DataCenter\ReadOscThread.h">
      <Filter>Header Files</Filter>
    </CustomBuild>
    <CustomBuild Include="Ui\Library\BarChart.h">
      <Filter>Header Files</Filter>
    </CustomBuild>
    <CustomBuild Include="Ui\Library\StaticsThread.h">
      <Filter>Header Files</Filter>
    </CustomBuild>
    <CustomBuild Include="Ui\Library\PlotStaticsThread.h">
      <Filter>Header Files</Filter>
    </CustomBuild>
    <CustomBuild Include="Ui\Report\ReportTree.ui">
      <Filter>Form Files</Filter>
    </CustomBuild>
    <CustomBuild Include="Ui\Report\ReportTree.h">
      <Filter>Header Files</Filter>
    </CustomBuild>
    <CustomBuild Include="Ui\Library\GateStorage.h">
      <Filter>Header Files</Filter>
    </CustomBuild>
    <CustomBuild Include="Ui\QwtCustom\RectPicker.h">
      <Filter>Header Files</Filter>
    </CustomBuild>
    <CustomBuild Include="Ui\QwtCustom\CrossPicker.h">
      <Filter>Header Files</Filter>
    </CustomBuild>
    <CustomBuild Include="Ui\QwtCustom\ParallelLinePicker.h">
      <Filter>Header Files</Filter>
    </CustomBuild>
    <CustomBuild Include="Ui\Library\ParamWidget.h">
      <Filter>Header Files</Filter>
    </CustomBuild>
    <CustomBuild Include="Ui\Library\ParamWidget.ui">
      <Filter>Form Files</Filter>
    </CustomBuild>
    <CustomBuild Include="Ui\QwtCustom\EllipsePicker.h">
      <Filter>Header Files</Filter>
    </CustomBuild>
    <CustomBuild Include="Ui\QwtCustom\PolygonPicker.h">
      <Filter>Header Files</Filter>
    </CustomBuild>
    <CustomBuild Include="Bll\DataCenter\BllSettings.h">
      <Filter>Header Files</Filter>
    </CustomBuild>
  </ItemGroup>
  <ItemGroup>
    <ClInclude Include="GeneratedFiles\ui_FCS.h">
      <Filter>Generated Files</Filter>
    </ClInclude>
    <ClInclude Include="USB\ezusbsys.h">
      <Filter>Header Files</Filter>
    </ClInclude>
    <ClInclude Include="USB\USBThread.h">
      <Filter>Header Files</Filter>
    </ClInclude>
    <ClInclude Include="Ui\Library\ToolButton.h">
      <Filter>Header Files</Filter>
    </ClInclude>
    <ClInclude Include="Ui\Library\common.h">
      <Filter>Header Files</Filter>
    </ClInclude>
    <ClInclude Include="GeneratedFiles\ui_MTitleWidget.h">
      <Filter>Generated Files</Filter>
    </ClInclude>
    <ClInclude Include="GeneratedFiles\ui_MainForm.h">
      <Filter>Generated Files</Filter>
    </ClInclude>
    <ClInclude Include="GeneratedFiles\ui_MenuWidget.h">
      <Filter>Generated Files</Filter>
    </ClInclude>
    <ClInclude Include="GeneratedFiles\ui_testwidget.h">
      <Filter>Generated Files</Filter>
    </ClInclude>
    <ClInclude Include="GeneratedFiles\ui_ToolWidget.h">
      <Filter>Generated Files</Filter>
    </ClInclude>
    <ClInclude Include="GeneratedFiles\ui_StackedWidget.h">
      <Filter>Generated Files</Filter>
    </ClInclude>
    <ClInclude Include="GeneratedFiles\ui_OscWidget.h">
      <Filter>Generated Files</Filter>
    </ClInclude>
    <ClInclude Include="Bll\DataCenter\CCycleBuffer.h">
      <Filter>Header Files</Filter>
    </ClInclude>
    <ClInclude Include="GeneratedFiles\ui_WheelBox.h">
      <Filter>Generated Files</Filter>
    </ClInclude>
    <ClInclude Include="GeneratedFiles\ui_PropertyWidget.h">
      <Filter>Generated Files</Filter>
    </ClInclude>
    <ClInclude Include="GeneratedFiles\ui_MToolButton.h">
      <Filter>Generated Files</Filter>
    </ClInclude>
    <ClInclude Include="GeneratedFiles\ui_AnalysisWidget.h">
      <Filter>Generated Files</Filter>
    </ClInclude>
    <ClInclude Include="GeneratedFiles\ui_ReportWidget.h">
      <Filter>Generated Files</Filter>
    </ClInclude>
    <ClInclude Include="GeneratedFiles\ui_ViewWidget.h">
      <Filter>Generated Files</Filter>
    </ClInclude>
    <ClInclude Include="GeneratedFiles\ui_PlotWidget.h">
      <Filter>Generated Files</Filter>
    </ClInclude>
    <ClInclude Include="GeneratedFiles\ui_BarChartWidget.h">
      <Filter>Generated Files</Filter>
    </ClInclude>
    <ClInclude Include="GeneratedFiles\ui_ReportTree.h">
      <Filter>Generated Files</Filter>
    </ClInclude>
    <ClInclude Include="GeneratedFiles\ui_ParamWidget.h">
      <Filter>Generated Files</Filter>
    </ClInclude>
  </ItemGroup>
  <ItemGroup>
    <ResourceCompile Include="FCS.rc" />
  </ItemGroup>
  <ItemGroup>
    <Image Include="FCS.ico" />
    <Image Include="Resources\Images\Big.jpg" />
    <Image Include="Resources\Images\Small.jpg" />
    <Image Include="Resources\Images\MainWindow\acq.png" />
    <Image Include="Resources\Images\MainWindow\analy.png" />
    <Image Include="Resources\Images\MainWindow\analy_hover.png" />
    <Image Include="Resources\Images\MainWindow\analy_pressed.png" />
    <Image Include="Resources\Images\MainWindow\settings.png" />
    <Image Include="Resources\Images\MainWindow\start.png" />
    <Image Include="Resources\Images\MainWindow\stop.png" />
    <Image Include="Resources\Images\SysButton\arrow_down.png" />
    <Image Include="Resources\Images\SysButton\close.png" />
    <Image Include="Resources\Images\SysButton\close_hover.png" />
    <Image Include="Resources\Images\SysButton\close_pressed.png" />
    <Image Include="Resources\Images\SysButton\feedback.png" />
    <Image Include="Resources\Images\SysButton\feedback_hover.png" />
    <Image Include="Resources\Images\SysButton\feedback_pressed.png" />
    <Image Include="Resources\Images\SysButton\max.png" />
    <Image Include="Resources\Images\SysButton\max_hover.png" />
    <Image Include="Resources\Images\SysButton\max_pressed.png" />
    <Image Include="Resources\Images\SysButton\medal.png" />
    <Image Include="Resources\Images\SysButton\medal_hover.png" />
    <Image Include="Resources\Images\SysButton\medal_pressed.png" />
    <Image Include="Resources\Images\SysButton\menu.png" />
    <Image Include="Resources\Images\SysButton\menu_hover.png" />
    <Image Include="Resources\Images\SysButton\menu_pressed.png" />
    <Image Include="Resources\Images\SysButton\min.png" />
    <Image Include="Resources\Images\SysButton\min_hover.png" />
    <Image Include="Resources\Images\SysButton\min_pressed.png" />
    <Image Include="Resources\Images\SysButton\skin.png" />
    <Image Include="Resources\Images\SysButton\skin_hover.png" />
    <Image Include="Resources\Images\SysButton\skin_pressed.png" />
    <Image Include="Resources\Images\ToolWidget\2\gongNeng.png" />
    <Image Include="Resources\Images\ToolWidget\2\jiaSu.png" />
    <Image Include="Resources\Images\ToolWidget\2\louDong.png" />
    <Image Include="Resources\Images\ToolWidget\2\menZhen.png" />
    <Image Include="Resources\Images\ToolWidget\2\muMa.png" />
    <Image Include="Resources\Images\ToolWidget\2\qingLi.png" />
    <Image Include="Resources\Images\ToolWidget\2\ruanJian.png" />
    <Image Include="Resources\Images\ToolWidget\2\tiJian.png" />
    <Image Include="Resources\Images\ToolWidget\2\xiTong.png" />
    <Image Include="Resources\Images\ToolWidget\expert.png" />
    <Image Include="Resources\Images\ToolWidget\gongNeng.png" />
    <Image Include="Resources\Images\ToolWidget\jiaSu.png" />
    <Image Include="Resources\Images\ToolWidget\menZhen.png" />
    <Image Include="Resources\Images\ToolWidget\muMa.png" />
    <Image Include="Resources\Images\ToolWidget\qingLi.png" />
    <Image Include="Resources\Images\ToolWidget\repair.png" />
    <Image Include="Resources\Images\ToolWidget\tiJian.png" />
    <Image Include="Resources\Images\Test.png" />
    <Image Include="Resources\Images\TestLeft.png" />
    <Image Include="Resources\Images\TestRight.png" />
    <Image Include="Resources\Images\safe.ico" />
    <Image Include="Resources\Images\sibet.png" />
    <Image Include="Resources\Images\MainWindow\lock.png" />
    <Image Include="Resources\Images\MainWindow\settings1.png" />
    <Image Include="Resources\Images\MainWindow\unlock.png" />
    <Image Include="Resources\Images\MainWindow\usb_connected.png" />
    <Image Include="Resources\Images\MainWindow\usb_disconnected.png" />
  </ItemGroup>
  <ItemGroup>
    <None Include="Resources\fcs_zh.ts">
      <Filter>Translation Files</Filter>
    </None>
    <None Include="Resources\fcs_en.qm" />
    <None Include="Resources\fcs_en.ts">
      <Filter>Translation Files</Filter>
    </None>
    <None Include="Resources\StyleSheet.qss" />
  </ItemGroup>
</Project>